
Microsoft Visual Studio Solution File, Format Version 12.00
# Visual Studio 15
VisualStudioVersion = 15.0.28307.757
MinimumVisualStudioVersion = 10.0.40219.1
Project("{FAE04EC0-301F-11D3-BF4B-00C04F79EFBC}") = "AppThree", "AppThree\AppThree.csproj", "{F5DDEE79-FD3A-4784-A8DF-43F58D9E8B88}"
EndProject
Global
	GlobalSection(SolutionConfigurationPlatforms) = preSolution
		Debug|Any CPU = Debug|Any CPU
		Release|Any CPU = Release|Any CPU
	EndGlobalSection
	GlobalSection(ProjectConfigurationPlatforms) = postSolution
		{F5DDEE79-FD3A-4784-A8DF-43F58D9E8B88}.Debug|Any CPU.ActiveCfg = Debug|Any CPU
		{F5DDEE79-FD3A-4784-A8DF-43F58D9E8B88}.Debug|Any CPU.Build.0 = Debug|Any CPU
		{F5DDEE79-FD3A-4784-A8DF-43F58D9E8B88}.Release|Any CPU.ActiveCfg = Release|Any CPU
		{F5DDEE79-FD3A-4784-A8DF-43F58D9E8B88}.Release|Any CPU.Build.0 = Release|Any CPU
	EndGlobalSection
	GlobalSection(SolutionProperties) = preSolution
		HideSolutionNode = FALSE
	EndGlobalSection
	GlobalSection(ExtensibilityGlobals) = postSolution
		SolutionGuid = {853FD7CC-C3EC-408F-8990-01631DD30864}
	EndGlobalSection
EndGlobal
