
Microsoft Visual Studio Solution File, Format Version 12.00
# Visual Studio 15
VisualStudioVersion = 15.0.28307.757
MinimumVisualStudioVersion = 10.0.40219.1
Project("{FAE04EC0-301F-11D3-BF4B-00C04F79EFBC}") = "AppTwo", "AppTwo\AppTwo.csproj", "{EB31DEB6-D87D-434F-A002-F801BF5BEE21}"
EndProject
Global
	GlobalSection(SolutionConfigurationPlatforms) = preSolution
		Debug|Any CPU = Debug|Any CPU
		Release|Any CPU = Release|Any CPU
	EndGlobalSection
	GlobalSection(ProjectConfigurationPlatforms) = postSolution
		{EB31DEB6-D87D-434F-A002-F801BF5BEE21}.Debug|Any CPU.ActiveCfg = Debug|Any CPU
		{EB31DEB6-D87D-434F-A002-F801BF5BEE21}.Debug|Any CPU.Build.0 = Debug|Any CPU
		{EB31DEB6-D87D-434F-A002-F801BF5BEE21}.Release|Any CPU.ActiveCfg = Release|Any CPU
		{EB31DEB6-D87D-434F-A002-F801BF5BEE21}.Release|Any CPU.Build.0 = Release|Any CPU
	EndGlobalSection
	GlobalSection(SolutionProperties) = preSolution
		HideSolutionNode = FALSE
	EndGlobalSection
	GlobalSection(ExtensibilityGlobals) = postSolution
		SolutionGuid = {BADC301D-ACA7-4768-8687-9D53740B8DE3}
	EndGlobalSection
EndGlobal
